// !$*UTF8*$!
{
	archiveVersion = 1;
	classes = {
	};
	objectVersion = 56;
	objects = {

/* Begin PBXBuildFile section */
		0FBB73667535553089724B94 /* Pods_spotify_clone.framework in Frameworks */ = {isa = PBXBuildFile; fileRef = FDB3D73B61A3763052CCE66C /* Pods_spotify_clone.framework */; };
		38DC1F3FF2626E8446F8959A /* Pods_spotify_cloneTests.framework in Frameworks */ = {isa = PBXBuildFile; fileRef = 6B09D89B6C4D3F2F6759D63E /* Pods_spotify_cloneTests.framework */; };
		612C11AA2D0073F7008448A1 /* AppDelegate.swift in Sources */ = {isa = PBXBuildFile; fileRef = 612C11A92D0073F7008448A1 /* AppDelegate.swift */; };
		612C11AC2D0073F7008448A1 /* SceneDelegate.swift in Sources */ = {isa = PBXBuildFile; fileRef = 612C11AB2D0073F7008448A1 /* SceneDelegate.swift */; };
		612C11B32D0073F9008448A1 /* Assets.xcassets in Resources */ = {isa = PBXBuildFile; fileRef = 612C11B22D0073F9008448A1 /* Assets.xcassets */; };
		612C11B62D0073F9008448A1 /* LaunchScreen.storyboard in Resources */ = {isa = PBXBuildFile; fileRef = 612C11B42D0073F9008448A1 /* LaunchScreen.storyboard */; };
		612C11C12D0073F9008448A1 /* spotify_cloneTests.swift in Sources */ = {isa = PBXBuildFile; fileRef = 612C11C02D0073F9008448A1 /* spotify_cloneTests.swift */; };
		612C11CB2D0073F9008448A1 /* spotify_cloneUITests.swift in Sources */ = {isa = PBXBuildFile; fileRef = 612C11CA2D0073F9008448A1 /* spotify_cloneUITests.swift */; };
		612C11CD2D0073F9008448A1 /* spotify_cloneUITestsLaunchTests.swift in Sources */ = {isa = PBXBuildFile; fileRef = 612C11CC2D0073F9008448A1 /* spotify_cloneUITestsLaunchTests.swift */; };
		612C11E52D007537008448A1 /* LibraryViewController.swift in Sources */ = {isa = PBXBuildFile; fileRef = 612C11E12D007536008448A1 /* LibraryViewController.swift */; };
		612C11E62D007537008448A1 /* HomeViewController.swift in Sources */ = {isa = PBXBuildFile; fileRef = 612C11E22D007536008448A1 /* HomeViewController.swift */; };
		612C11E72D007537008448A1 /* SearchViewController.swift in Sources */ = {isa = PBXBuildFile; fileRef = 612C11E32D007536008448A1 /* SearchViewController.swift */; };
		612C11E82D007537008448A1 /* TabBarViewController.swift in Sources */ = {isa = PBXBuildFile; fileRef = 612C11E42D007537008448A1 /* TabBarViewController.swift */; };
		612C11F02D0075AC008448A1 /* SearchResultsViewController.swift in Sources */ = {isa = PBXBuildFile; fileRef = 612C11E92D0075AC008448A1 /* SearchResultsViewController.swift */; };
		612C11F12D0075AC008448A1 /* PlayerViewController.swift in Sources */ = {isa = PBXBuildFile; fileRef = 612C11EA2D0075AC008448A1 /* PlayerViewController.swift */; };
		612C11F22D0075AC008448A1 /* WelcomeViewController.swift in Sources */ = {isa = PBXBuildFile; fileRef = 612C11EB2D0075AC008448A1 /* WelcomeViewController.swift */; };
		612C11F32D0075AC008448A1 /* AuthViewController.swift in Sources */ = {isa = PBXBuildFile; fileRef = 612C11EC2D0075AC008448A1 /* AuthViewController.swift */; };
		612C11F42D0075AC008448A1 /* SettingsViewController.swift in Sources */ = {isa = PBXBuildFile; fileRef = 612C11ED2D0075AC008448A1 /* SettingsViewController.swift */; };
		612C11F52D0075AC008448A1 /* PlayListViewController.swift in Sources */ = {isa = PBXBuildFile; fileRef = 612C11EE2D0075AC008448A1 /* PlayListViewController.swift */; };
		612C11F62D0075AC008448A1 /* ProfileViewController.swift in Sources */ = {isa = PBXBuildFile; fileRef = 612C11EF2D0075AC008448A1 /* ProfileViewController.swift */; };
		612C11FD2D0075EC008448A1 /* PlayList.swift in Sources */ = {isa = PBXBuildFile; fileRef = 612C11F72D0075EC008448A1 /* PlayList.swift */; };
		612C11FE2D0075EC008448A1 /* AuthResponse.swift in Sources */ = {isa = PBXBuildFile; fileRef = 612C11F82D0075EC008448A1 /* AuthResponse.swift */; };
		612C11FF2D0075EC008448A1 /* Artist.swift in Sources */ = {isa = PBXBuildFile; fileRef = 612C11F92D0075EC008448A1 /* Artist.swift */; };
		612C12002D0075EC008448A1 /* AudioTrack.swift in Sources */ = {isa = PBXBuildFile; fileRef = 612C11FA2D0075EC008448A1 /* AudioTrack.swift */; };
		612C12012D0075EC008448A1 /* SettingsModels.swift in Sources */ = {isa = PBXBuildFile; fileRef = 612C11FB2D0075EC008448A1 /* SettingsModels.swift */; };
		612C12022D0075EC008448A1 /* UserProfile.swift in Sources */ = {isa = PBXBuildFile; fileRef = 612C11FC2D0075EC008448A1 /* UserProfile.swift */; };
		612C12062D00760F008448A1 /* APICaller.swift in Sources */ = {isa = PBXBuildFile; fileRef = 612C12032D00760F008448A1 /* APICaller.swift */; };
		612C12072D00760F008448A1 /* AuthManager.swift in Sources */ = {isa = PBXBuildFile; fileRef = 612C12042D00760F008448A1 /* AuthManager.swift */; };
		612C12082D00760F008448A1 /* HapticsManager.swift in Sources */ = {isa = PBXBuildFile; fileRef = 612C12052D00760F008448A1 /* HapticsManager.swift */; };
		612C120A2D007657008448A1 /* Extensions.swift in Sources */ = {isa = PBXBuildFile; fileRef = 612C12092D007657008448A1 /* Extensions.swift */; };
		EDFA7978A21DF1EBF5E28E53 /* Pods_spotify_clone_spotify_cloneUITests.framework in Frameworks */ = {isa = PBXBuildFile; fileRef = 2B3FD9F683D7537BB9057D70 /* Pods_spotify_clone_spotify_cloneUITests.framework */; };
/* End PBXBuildFile section */

/* Begin PBXContainerItemProxy section */
		612C11BD2D0073F9008448A1 /* PBXContainerItemProxy */ = {
			isa = PBXContainerItemProxy;
			containerPortal = 612C119E2D0073F7008448A1 /* Project object */;
			proxyType = 1;
			remoteGlobalIDString = 612C11A52D0073F7008448A1;
			remoteInfo = "spotify-clone";
		};
		612C11C72D0073F9008448A1 /* PBXContainerItemProxy */ = {
			isa = PBXContainerItemProxy;
			containerPortal = 612C119E2D0073F7008448A1 /* Project object */;
			proxyType = 1;
			remoteGlobalIDString = 612C11A52D0073F7008448A1;
			remoteInfo = "spotify-clone";
		};
/* End PBXContainerItemProxy section */

/* Begin PBXFileReference section */
		18A18BF2B1C9DE72FDB98D18 /* Pods-spotify-clone.debug.xcconfig */ = {isa = PBXFileReference; includeInIndex = 1; lastKnownFileType = text.xcconfig; name = "Pods-spotify-clone.debug.xcconfig"; path = "Target Support Files/Pods-spotify-clone/Pods-spotify-clone.debug.xcconfig"; sourceTree = "<group>"; };
		2B3FD9F683D7537BB9057D70 /* Pods_spotify_clone_spotify_cloneUITests.framework */ = {isa = PBXFileReference; explicitFileType = wrapper.framework; includeInIndex = 0; path = Pods_spotify_clone_spotify_cloneUITests.framework; sourceTree = BUILT_PRODUCTS_DIR; };
		39CDD2F3200F5A0609FDF122 /* Pods-spotify-cloneTests.debug.xcconfig */ = {isa = PBXFileReference; includeInIndex = 1; lastKnownFileType = text.xcconfig; name = "Pods-spotify-cloneTests.debug.xcconfig"; path = "Target Support Files/Pods-spotify-cloneTests/Pods-spotify-cloneTests.debug.xcconfig"; sourceTree = "<group>"; };
		612C11A62D0073F7008448A1 /* spotify-clone.app */ = {isa = PBXFileReference; explicitFileType = wrapper.application; includeInIndex = 0; path = "spotify-clone.app"; sourceTree = BUILT_PRODUCTS_DIR; };
		612C11A92D0073F7008448A1 /* AppDelegate.swift */ = {isa = PBXFileReference; lastKnownFileType = sourcecode.swift; path = AppDelegate.swift; sourceTree = "<group>"; };
		612C11AB2D0073F7008448A1 /* SceneDelegate.swift */ = {isa = PBXFileReference; lastKnownFileType = sourcecode.swift; path = SceneDelegate.swift; sourceTree = "<group>"; };
		612C11B22D0073F9008448A1 /* Assets.xcassets */ = {isa = PBXFileReference; lastKnownFileType = folder.assetcatalog; path = Assets.xcassets; sourceTree = "<group>"; };
		612C11B52D0073F9008448A1 /* Base */ = {isa = PBXFileReference; lastKnownFileType = file.storyboard; name = Base; path = Base.lproj/LaunchScreen.storyboard; sourceTree = "<group>"; };
		612C11B72D0073F9008448A1 /* Info.plist */ = {isa = PBXFileReference; lastKnownFileType = text.plist.xml; path = Info.plist; sourceTree = "<group>"; };
		612C11BC2D0073F9008448A1 /* spotify-cloneTests.xctest */ = {isa = PBXFileReference; explicitFileType = wrapper.cfbundle; includeInIndex = 0; path = "spotify-cloneTests.xctest"; sourceTree = BUILT_PRODUCTS_DIR; };
		612C11C02D0073F9008448A1 /* spotify_cloneTests.swift */ = {isa = PBXFileReference; lastKnownFileType = sourcecode.swift; path = spotify_cloneTests.swift; sourceTree = "<group>"; };
		612C11C62D0073F9008448A1 /* spotify-cloneUITests.xctest */ = {isa = PBXFileReference; explicitFileType = wrapper.cfbundle; includeInIndex = 0; path = "spotify-cloneUITests.xctest"; sourceTree = BUILT_PRODUCTS_DIR; };
		612C11CA2D0073F9008448A1 /* spotify_cloneUITests.swift */ = {isa = PBXFileReference; lastKnownFileType = sourcecode.swift; path = spotify_cloneUITests.swift; sourceTree = "<group>"; };
		612C11CC2D0073F9008448A1 /* spotify_cloneUITestsLaunchTests.swift */ = {isa = PBXFileReference; lastKnownFileType = sourcecode.swift; path = spotify_cloneUITestsLaunchTests.swift; sourceTree = "<group>"; };
		612C11E12D007536008448A1 /* LibraryViewController.swift */ = {isa = PBXFileReference; fileEncoding = 4; lastKnownFileType = sourcecode.swift; path = LibraryViewController.swift; sourceTree = "<group>"; };
		612C11E22D007536008448A1 /* HomeViewController.swift */ = {isa = PBXFileReference; fileEncoding = 4; lastKnownFileType = sourcecode.swift; path = HomeViewController.swift; sourceTree = "<group>"; };
		612C11E32D007536008448A1 /* SearchViewController.swift */ = {isa = PBXFileReference; fileEncoding = 4; lastKnownFileType = sourcecode.swift; path = SearchViewController.swift; sourceTree = "<group>"; };
		612C11E42D007537008448A1 /* TabBarViewController.swift */ = {isa = PBXFileReference; fileEncoding = 4; lastKnownFileType = sourcecode.swift; path = TabBarViewController.swift; sourceTree = "<group>"; };
		612C11E92D0075AC008448A1 /* SearchResultsViewController.swift */ = {isa = PBXFileReference; fileEncoding = 4; lastKnownFileType = sourcecode.swift; path = SearchResultsViewController.swift; sourceTree = "<group>"; };
		612C11EA2D0075AC008448A1 /* PlayerViewController.swift */ = {isa = PBXFileReference; fileEncoding = 4; lastKnownFileType = sourcecode.swift; path = PlayerViewController.swift; sourceTree = "<group>"; };
		612C11EB2D0075AC008448A1 /* WelcomeViewController.swift */ = {isa = PBXFileReference; fileEncoding = 4; lastKnownFileType = sourcecode.swift; path = WelcomeViewController.swift; sourceTree = "<group>"; };
		612C11EC2D0075AC008448A1 /* AuthViewController.swift */ = {isa = PBXFileReference; fileEncoding = 4; lastKnownFileType = sourcecode.swift; path = AuthViewController.swift; sourceTree = "<group>"; };
		612C11ED2D0075AC008448A1 /* SettingsViewController.swift */ = {isa = PBXFileReference; fileEncoding = 4; lastKnownFileType = sourcecode.swift; path = SettingsViewController.swift; sourceTree = "<group>"; };
		612C11EE2D0075AC008448A1 /* PlayListViewController.swift */ = {isa = PBXFileReference; fileEncoding = 4; lastKnownFileType = sourcecode.swift; path = PlayListViewController.swift; sourceTree = "<group>"; };
		612C11EF2D0075AC008448A1 /* ProfileViewController.swift */ = {isa = PBXFileReference; fileEncoding = 4; lastKnownFileType = sourcecode.swift; path = ProfileViewController.swift; sourceTree = "<group>"; };
		612C11F72D0075EC008448A1 /* PlayList.swift */ = {isa = PBXFileReference; fileEncoding = 4; lastKnownFileType = sourcecode.swift; path = PlayList.swift; sourceTree = "<group>"; };
		612C11F82D0075EC008448A1 /* AuthResponse.swift */ = {isa = PBXFileReference; fileEncoding = 4; lastKnownFileType = sourcecode.swift; path = AuthResponse.swift; sourceTree = "<group>"; };
		612C11F92D0075EC008448A1 /* Artist.swift */ = {isa = PBXFileReference; fileEncoding = 4; lastKnownFileType = sourcecode.swift; path = Artist.swift; sourceTree = "<group>"; };
		612C11FA2D0075EC008448A1 /* AudioTrack.swift */ = {isa = PBXFileReference; fileEncoding = 4; lastKnownFileType = sourcecode.swift; path = AudioTrack.swift; sourceTree = "<group>"; };
		612C11FB2D0075EC008448A1 /* SettingsModels.swift */ = {isa = PBXFileReference; fileEncoding = 4; lastKnownFileType = sourcecode.swift; path = SettingsModels.swift; sourceTree = "<group>"; };
		612C11FC2D0075EC008448A1 /* UserProfile.swift */ = {isa = PBXFileReference; fileEncoding = 4; lastKnownFileType = sourcecode.swift; path = UserProfile.swift; sourceTree = "<group>"; };
		612C12032D00760F008448A1 /* APICaller.swift */ = {isa = PBXFileReference; fileEncoding = 4; lastKnownFileType = sourcecode.swift; path = APICaller.swift; sourceTree = "<group>"; };
		612C12042D00760F008448A1 /* AuthManager.swift */ = {isa = PBXFileReference; fileEncoding = 4; lastKnownFileType = sourcecode.swift; path = AuthManager.swift; sourceTree = "<group>"; };
		612C12052D00760F008448A1 /* HapticsManager.swift */ = {isa = PBXFileReference; fileEncoding = 4; lastKnownFileType = sourcecode.swift; path = HapticsManager.swift; sourceTree = "<group>"; };
		612C12092D007657008448A1 /* Extensions.swift */ = {isa = PBXFileReference; lastKnownFileType = sourcecode.swift; path = Extensions.swift; sourceTree = "<group>"; };
		6B09D89B6C4D3F2F6759D63E /* Pods_spotify_cloneTests.framework */ = {isa = PBXFileReference; explicitFileType = wrapper.framework; includeInIndex = 0; path = Pods_spotify_cloneTests.framework; sourceTree = BUILT_PRODUCTS_DIR; };
		9B87867ABD5E28FC07FD709B /* Pods-spotify-clone-spotify-cloneUITests.debug.xcconfig */ = {isa = PBXFileReference; includeInIndex = 1; lastKnownFileType = text.xcconfig; name = "Pods-spotify-clone-spotify-cloneUITests.debug.xcconfig"; path = "Target Support Files/Pods-spotify-clone-spotify-cloneUITests/Pods-spotify-clone-spotify-cloneUITests.debug.xcconfig"; sourceTree = "<group>"; };
		CBF55B65BF48B990772C72DA /* Pods-spotify-clone.release.xcconfig */ = {isa = PBXFileReference; includeInIndex = 1; lastKnownFileType = text.xcconfig; name = "Pods-spotify-clone.release.xcconfig"; path = "Target Support Files/Pods-spotify-clone/Pods-spotify-clone.release.xcconfig"; sourceTree = "<group>"; };
		E170A274EB40DC7AC24FD3F3 /* Pods-spotify-cloneTests.release.xcconfig */ = {isa = PBXFileReference; includeInIndex = 1; lastKnownFileType = text.xcconfig; name = "Pods-spotify-cloneTests.release.xcconfig"; path = "Target Support Files/Pods-spotify-cloneTests/Pods-spotify-cloneTests.release.xcconfig"; sourceTree = "<group>"; };
		F80DC89A729E6B9292AC78FC /* Pods-spotify-clone-spotify-cloneUITests.release.xcconfig */ = {isa = PBXFileReference; includeInIndex = 1; lastKnownFileType = text.xcconfig; name = "Pods-spotify-clone-spotify-cloneUITests.release.xcconfig"; path = "Target Support Files/Pods-spotify-clone-spotify-cloneUITests/Pods-spotify-clone-spotify-cloneUITests.release.xcconfig"; sourceTree = "<group>"; };
		FDB3D73B61A3763052CCE66C /* Pods_spotify_clone.framework */ = {isa = PBXFileReference; explicitFileType = wrapper.framework; includeInIndex = 0; path = Pods_spotify_clone.framework; sourceTree = BUILT_PRODUCTS_DIR; };
/* End PBXFileReference section */

/* Begin PBXFrameworksBuildPhase section */
		612C11A32D0073F7008448A1 /* Frameworks */ = {
			isa = PBXFrameworksBuildPhase;
			buildActionMask = 2147483647;
			files = (
				0FBB73667535553089724B94 /* Pods_spotify_clone.framework in Frameworks */,
			);
			runOnlyForDeploymentPostprocessing = 0;
		};
		612C11B92D0073F9008448A1 /* Frameworks */ = {
			isa = PBXFrameworksBuildPhase;
			buildActionMask = 2147483647;
			files = (
				38DC1F3FF2626E8446F8959A /* Pods_spotify_cloneTests.framework in Frameworks */,
			);
			runOnlyForDeploymentPostprocessing = 0;
		};
		612C11C32D0073F9008448A1 /* Frameworks */ = {
			isa = PBXFrameworksBuildPhase;
			buildActionMask = 2147483647;
			files = (
				EDFA7978A21DF1EBF5E28E53 /* Pods_spotify_clone_spotify_cloneUITests.framework in Frameworks */,
			);
			runOnlyForDeploymentPostprocessing = 0;
		};
/* End PBXFrameworksBuildPhase section */

/* Begin PBXGroup section */
		003272993DCA0B5A7420840F /* Pods */ = {
			isa = PBXGroup;
			children = (
				18A18BF2B1C9DE72FDB98D18 /* Pods-spotify-clone.debug.xcconfig */,
				CBF55B65BF48B990772C72DA /* Pods-spotify-clone.release.xcconfig */,
				9B87867ABD5E28FC07FD709B /* Pods-spotify-clone-spotify-cloneUITests.debug.xcconfig */,
				F80DC89A729E6B9292AC78FC /* Pods-spotify-clone-spotify-cloneUITests.release.xcconfig */,
				39CDD2F3200F5A0609FDF122 /* Pods-spotify-cloneTests.debug.xcconfig */,
				E170A274EB40DC7AC24FD3F3 /* Pods-spotify-cloneTests.release.xcconfig */,
			);
			path = Pods;
			sourceTree = "<group>";
		};
		4BF98805B335D5BFD7199744 /* Frameworks */ = {
			isa = PBXGroup;
			children = (
				FDB3D73B61A3763052CCE66C /* Pods_spotify_clone.framework */,
				2B3FD9F683D7537BB9057D70 /* Pods_spotify_clone_spotify_cloneUITests.framework */,
				6B09D89B6C4D3F2F6759D63E /* Pods_spotify_cloneTests.framework */,
			);
			name = Frameworks;
			sourceTree = "<group>";
		};
		612C119D2D0073F7008448A1 = {
			isa = PBXGroup;
			children = (
				612C11A82D0073F7008448A1 /* spotify-clone */,
				612C11BF2D0073F9008448A1 /* spotify-cloneTests */,
				612C11C92D0073F9008448A1 /* spotify-cloneUITests */,
				612C11A72D0073F7008448A1 /* Products */,
				003272993DCA0B5A7420840F /* Pods */,
				4BF98805B335D5BFD7199744 /* Frameworks */,
			);
			sourceTree = "<group>";
		};
		612C11A72D0073F7008448A1 /* Products */ = {
			isa = PBXGroup;
			children = (
				612C11A62D0073F7008448A1 /* spotify-clone.app */,
				612C11BC2D0073F9008448A1 /* spotify-cloneTests.xctest */,
				612C11C62D0073F9008448A1 /* spotify-cloneUITests.xctest */,
			);
			name = Products;
			sourceTree = "<group>";
		};
		612C11A82D0073F7008448A1 /* spotify-clone */ = {
			isa = PBXGroup;
			children = (
				612C11DE2D007429008448A1 /* Resources */,
				612C11DD2D00741E008448A1 /* Controllers */,
				612C11DC2D007419008448A1 /* Views */,
				612C11DB2D007414008448A1 /* ViewModels */,
				612C11DA2D00740F008448A1 /* Models */,
				612C11D92D007409008448A1 /* Managers */,
				612C11B72D0073F9008448A1 /* Info.plist */,
			);
			path = "spotify-clone";
			sourceTree = "<group>";
		};
		612C11BF2D0073F9008448A1 /* spotify-cloneTests */ = {
			isa = PBXGroup;
			children = (
				612C11C02D0073F9008448A1 /* spotify_cloneTests.swift */,
			);
			path = "spotify-cloneTests";
			sourceTree = "<group>";
		};
		612C11C92D0073F9008448A1 /* spotify-cloneUITests */ = {
			isa = PBXGroup;
			children = (
				612C11CA2D0073F9008448A1 /* spotify_cloneUITests.swift */,
				612C11CC2D0073F9008448A1 /* spotify_cloneUITestsLaunchTests.swift */,
			);
			path = "spotify-cloneUITests";
			sourceTree = "<group>";
		};
		612C11D92D007409008448A1 /* Managers */ = {
			isa = PBXGroup;
			children = (
				612C12032D00760F008448A1 /* APICaller.swift */,
				612C12042D00760F008448A1 /* AuthManager.swift */,
				612C12052D00760F008448A1 /* HapticsManager.swift */,
			);
			path = Managers;
			sourceTree = "<group>";
		};
		612C11DA2D00740F008448A1 /* Models */ = {
			isa = PBXGroup;
			children = (
				612C11F92D0075EC008448A1 /* Artist.swift */,
				612C11FA2D0075EC008448A1 /* AudioTrack.swift */,
				612C11F82D0075EC008448A1 /* AuthResponse.swift */,
				612C11F72D0075EC008448A1 /* PlayList.swift */,
				612C11FB2D0075EC008448A1 /* SettingsModels.swift */,
				612C11FC2D0075EC008448A1 /* UserProfile.swift */,
			);
			path = Models;
			sourceTree = "<group>";
		};
		612C11DB2D007414008448A1 /* ViewModels */ = {
			isa = PBXGroup;
			children = (
			);
			path = ViewModels;
			sourceTree = "<group>";
		};
		612C11DC2D007419008448A1 /* Views */ = {
			isa = PBXGroup;
			children = (
				612C11B42D0073F9008448A1 /* LaunchScreen.storyboard */,
			);
			path = Views;
			sourceTree = "<group>";
		};
		612C11DD2D00741E008448A1 /* Controllers */ = {
			isa = PBXGroup;
			children = (
				612C11E02D007446008448A1 /* Others */,
				612C11DF2D00743F008448A1 /* Core */,
			);
			path = Controllers;
			sourceTree = "<group>";
		};
		612C11DE2D007429008448A1 /* Resources */ = {
			isa = PBXGroup;
			children = (
				612C11A92D0073F7008448A1 /* AppDelegate.swift */,
				612C11AB2D0073F7008448A1 /* SceneDelegate.swift */,
				612C11B22D0073F9008448A1 /* Assets.xcassets */,
				612C12092D007657008448A1 /* Extensions.swift */,
			);
			path = Resources;
			sourceTree = "<group>";
		};
		612C11DF2D00743F008448A1 /* Core */ = {
			isa = PBXGroup;
			children = (
				612C11E22D007536008448A1 /* HomeViewController.swift */,
				612C11E12D007536008448A1 /* LibraryViewController.swift */,
				612C11E32D007536008448A1 /* SearchViewController.swift */,
				612C11E42D007537008448A1 /* TabBarViewController.swift */,
			);
			path = Core;
			sourceTree = "<group>";
		};
		612C11E02D007446008448A1 /* Others */ = {
			isa = PBXGroup;
			children = (
				612C11EC2D0075AC008448A1 /* AuthViewController.swift */,
				612C11EA2D0075AC008448A1 /* PlayerViewController.swift */,
				612C11EE2D0075AC008448A1 /* PlayListViewController.swift */,
				612C11EF2D0075AC008448A1 /* ProfileViewController.swift */,
				612C11E92D0075AC008448A1 /* SearchResultsViewController.swift */,
				612C11ED2D0075AC008448A1 /* SettingsViewController.swift */,
				612C11EB2D0075AC008448A1 /* WelcomeViewController.swift */,
			);
			path = Others;
			sourceTree = "<group>";
		};
/* End PBXGroup section */

/* Begin PBXNativeTarget section */
		612C11A52D0073F7008448A1 /* spotify-clone */ = {
			isa = PBXNativeTarget;
			buildConfigurationList = 612C11D02D0073F9008448A1 /* Build configuration list for PBXNativeTarget "spotify-clone" */;
			buildPhases = (
				BFCB7B0A3893EE42F7874CDA /* [CP] Check Pods Manifest.lock */,
				612C11A22D0073F7008448A1 /* Sources */,
				612C11A32D0073F7008448A1 /* Frameworks */,
				612C11A42D0073F7008448A1 /* Resources */,
				820094CAE5CE3106B6C7CB91 /* [CP] Embed Pods Frameworks */,
			);
			buildRules = (
			);
			dependencies = (
			);
			name = "spotify-clone";
			productName = "spotify-clone";
			productReference = 612C11A62D0073F7008448A1 /* spotify-clone.app */;
			productType = "com.apple.product-type.application";
		};
		612C11BB2D0073F9008448A1 /* spotify-cloneTests */ = {
			isa = PBXNativeTarget;
			buildConfigurationList = 612C11D32D0073F9008448A1 /* Build configuration list for PBXNativeTarget "spotify-cloneTests" */;
			buildPhases = (
				4345F90C8A5726B405830685 /* [CP] Check Pods Manifest.lock */,
				612C11B82D0073F9008448A1 /* Sources */,
				612C11B92D0073F9008448A1 /* Frameworks */,
				612C11BA2D0073F9008448A1 /* Resources */,
			);
			buildRules = (
			);
			dependencies = (
				612C11BE2D0073F9008448A1 /* PBXTargetDependency */,
			);
			name = "spotify-cloneTests";
			productName = "spotify-cloneTests";
			productReference = 612C11BC2D0073F9008448A1 /* spotify-cloneTests.xctest */;
			productType = "com.apple.product-type.bundle.unit-test";
		};
		612C11C52D0073F9008448A1 /* spotify-cloneUITests */ = {
			isa = PBXNativeTarget;
			buildConfigurationList = 612C11D62D0073F9008448A1 /* Build configuration list for PBXNativeTarget "spotify-cloneUITests" */;
			buildPhases = (
				AAC10CCD6803845A589BE359 /* [CP] Check Pods Manifest.lock */,
				612C11C22D0073F9008448A1 /* Sources */,
				612C11C32D0073F9008448A1 /* Frameworks */,
				612C11C42D0073F9008448A1 /* Resources */,
				177F1A9D5F17D7406BEB5956 /* [CP] Embed Pods Frameworks */,
			);
			buildRules = (
			);
			dependencies = (
				612C11C82D0073F9008448A1 /* PBXTargetDependency */,
			);
			name = "spotify-cloneUITests";
			productName = "spotify-cloneUITests";
			productReference = 612C11C62D0073F9008448A1 /* spotify-cloneUITests.xctest */;
			productType = "com.apple.product-type.bundle.ui-testing";
		};
/* End PBXNativeTarget section */

/* Begin PBXProject section */
		612C119E2D0073F7008448A1 /* Project object */ = {
			isa = PBXProject;
			attributes = {
				BuildIndependentTargetsInParallel = 1;
				LastSwiftUpdateCheck = 1520;
				LastUpgradeCheck = 1520;
				TargetAttributes = {
					612C11A52D0073F7008448A1 = {
						CreatedOnToolsVersion = 15.2;
					};
					612C11BB2D0073F9008448A1 = {
						CreatedOnToolsVersion = 15.2;
						TestTargetID = 612C11A52D0073F7008448A1;
					};
					612C11C52D0073F9008448A1 = {
						CreatedOnToolsVersion = 15.2;
						TestTargetID = 612C11A52D0073F7008448A1;
					};
				};
			};
			buildConfigurationList = 612C11A12D0073F7008448A1 /* Build configuration list for PBXProject "spotify-clone" */;
			compatibilityVersion = "Xcode 14.0";
			developmentRegion = en;
			hasScannedForEncodings = 0;
			knownRegions = (
				en,
				Base,
			);
			mainGroup = 612C119D2D0073F7008448A1;
			packageReferences = (
			);
			productRefGroup = 612C11A72D0073F7008448A1 /* Products */;
			projectDirPath = "";
			projectRoot = "";
			targets = (
				612C11A52D0073F7008448A1 /* spotify-clone */,
				612C11BB2D0073F9008448A1 /* spotify-cloneTests */,
				612C11C52D0073F9008448A1 /* spotify-cloneUITests */,
			);
		};
/* End PBXProject section */

/* Begin PBXResourcesBuildPhase section */
		612C11A42D0073F7008448A1 /* Resources */ = {
			isa = PBXResourcesBuildPhase;
			buildActionMask = 2147483647;
			files = (
				612C11B62D0073F9008448A1 /* LaunchScreen.storyboard in Resources */,
				612C11B32D0073F9008448A1 /* Assets.xcassets in Resources */,
			);
			runOnlyForDeploymentPostprocessing = 0;
		};
		612C11BA2D0073F9008448A1 /* Resources */ = {
			isa = PBXResourcesBuildPhase;
			buildActionMask = 2147483647;
			files = (
			);
			runOnlyForDeploymentPostprocessing = 0;
		};
		612C11C42D0073F9008448A1 /* Resources */ = {
			isa = PBXResourcesBuildPhase;
			buildActionMask = 2147483647;
			files = (
			);
			runOnlyForDeploymentPostprocessing = 0;
		};
/* End PBXResourcesBuildPhase section */

/* Begin PBXShellScriptBuildPhase section */
		177F1A9D5F17D7406BEB5956 /* [CP] Embed Pods Frameworks */ = {
			isa = PBXShellScriptBuildPhase;
			buildActionMask = 2147483647;
			files = (
			);
			inputFileListPaths = (
				"${PODS_ROOT}/Target Support Files/Pods-spotify-clone-spotify-cloneUITests/Pods-spotify-clone-spotify-cloneUITests-frameworks-${CONFIGURATION}-input-files.xcfilelist",
			);
			name = "[CP] Embed Pods Frameworks";
			outputFileListPaths = (
				"${PODS_ROOT}/Target Support Files/Pods-spotify-clone-spotify-cloneUITests/Pods-spotify-clone-spotify-cloneUITests-frameworks-${CONFIGURATION}-output-files.xcfilelist",
			);
			runOnlyForDeploymentPostprocessing = 0;
			shellPath = /bin/sh;
			shellScript = "\"${PODS_ROOT}/Target Support Files/Pods-spotify-clone-spotify-cloneUITests/Pods-spotify-clone-spotify-cloneUITests-frameworks.sh\"\n";
			showEnvVarsInLog = 0;
		};
		4345F90C8A5726B405830685 /* [CP] Check Pods Manifest.lock */ = {
			isa = PBXShellScriptBuildPhase;
			buildActionMask = 2147483647;
			files = (
			);
			inputFileListPaths = (
			);
			inputPaths = (
				"${PODS_PODFILE_DIR_PATH}/Podfile.lock",
				"${PODS_ROOT}/Manifest.lock",
			);
			name = "[CP] Check Pods Manifest.lock";
			outputFileListPaths = (
			);
			outputPaths = (
				"$(DERIVED_FILE_DIR)/Pods-spotify-cloneTests-checkManifestLockResult.txt",
			);
			runOnlyForDeploymentPostprocessing = 0;
			shellPath = /bin/sh;
			shellScript = "diff \"${PODS_PODFILE_DIR_PATH}/Podfile.lock\" \"${PODS_ROOT}/Manifest.lock\" > /dev/null\nif [ $? != 0 ] ; then\n    # print error to STDERR\n    echo \"error: The sandbox is not in sync with the Podfile.lock. Run 'pod install' or update your CocoaPods installation.\" >&2\n    exit 1\nfi\n# This output is used by Xcode 'outputs' to avoid re-running this script phase.\necho \"SUCCESS\" > \"${SCRIPT_OUTPUT_FILE_0}\"\n";
			showEnvVarsInLog = 0;
		};
		820094CAE5CE3106B6C7CB91 /* [CP] Embed Pods Frameworks */ = {
			isa = PBXShellScriptBuildPhase;
			buildActionMask = 2147483647;
			files = (
			);
			inputFileListPaths = (
				"${PODS_ROOT}/Target Support Files/Pods-spotify-clone/Pods-spotify-clone-frameworks-${CONFIGURATION}-input-files.xcfilelist",
			);
			name = "[CP] Embed Pods Frameworks";
			outputFileListPaths = (
				"${PODS_ROOT}/Target Support Files/Pods-spotify-clone/Pods-spotify-clone-frameworks-${CONFIGURATION}-output-files.xcfilelist",
			);
			runOnlyForDeploymentPostprocessing = 0;
			shellPath = /bin/sh;
			shellScript = "\"${PODS_ROOT}/Target Support Files/Pods-spotify-clone/Pods-spotify-clone-frameworks.sh\"\n";
			showEnvVarsInLog = 0;
		};
		AAC10CCD6803845A589BE359 /* [CP] Check Pods Manifest.lock */ = {
			isa = PBXShellScriptBuildPhase;
			buildActionMask = 2147483647;
			files = (
			);
			inputFileListPaths = (
			);
			inputPaths = (
				"${PODS_PODFILE_DIR_PATH}/Podfile.lock",
				"${PODS_ROOT}/Manifest.lock",
			);
			name = "[CP] Check Pods Manifest.lock";
			outputFileListPaths = (
			);
			outputPaths = (
				"$(DERIVED_FILE_DIR)/Pods-spotify-clone-spotify-cloneUITests-checkManifestLockResult.txt",
			);
			runOnlyForDeploymentPostprocessing = 0;
			shellPath = /bin/sh;
			shellScript = "diff \"${PODS_PODFILE_DIR_PATH}/Podfile.lock\" \"${PODS_ROOT}/Manifest.lock\" > /dev/null\nif [ $? != 0 ] ; then\n    # print error to STDERR\n    echo \"error: The sandbox is not in sync with the Podfile.lock. Run 'pod install' or update your CocoaPods installation.\" >&2\n    exit 1\nfi\n# This output is used by Xcode 'outputs' to avoid re-running this script phase.\necho \"SUCCESS\" > \"${SCRIPT_OUTPUT_FILE_0}\"\n";
			showEnvVarsInLog = 0;
		};
		BFCB7B0A3893EE42F7874CDA /* [CP] Check Pods Manifest.lock */ = {
			isa = PBXShellScriptBuildPhase;
			buildActionMask = 2147483647;
			files = (
			);
			inputFileListPaths = (
			);
			inputPaths = (
				"${PODS_PODFILE_DIR_PATH}/Podfile.lock",
				"${PODS_ROOT}/Manifest.lock",
			);
			name = "[CP] Check Pods Manifest.lock";
			outputFileListPaths = (
			);
			outputPaths = (
				"$(DERIVED_FILE_DIR)/Pods-spotify-clone-checkManifestLockResult.txt",
			);
			runOnlyForDeploymentPostprocessing = 0;
			shellPath = /bin/sh;
			shellScript = "diff \"${PODS_PODFILE_DIR_PATH}/Podfile.lock\" \"${PODS_ROOT}/Manifest.lock\" > /dev/null\nif [ $? != 0 ] ; then\n    # print error to STDERR\n    echo \"error: The sandbox is not in sync with the Podfile.lock. Run 'pod install' or update your CocoaPods installation.\" >&2\n    exit 1\nfi\n# This output is used by Xcode 'outputs' to avoid re-running this script phase.\necho \"SUCCESS\" > \"${SCRIPT_OUTPUT_FILE_0}\"\n";
			showEnvVarsInLog = 0;
		};
/* End PBXShellScriptBuildPhase section */

/* Begin PBXSourcesBuildPhase section */
		612C11A22D0073F7008448A1 /* Sources */ = {
			isa = PBXSourcesBuildPhase;
			buildActionMask = 2147483647;
			files = (
				612C120A2D007657008448A1 /* Extensions.swift in Sources */,
				612C11F22D0075AC008448A1 /* WelcomeViewController.swift in Sources */,
				612C12072D00760F008448A1 /* AuthManager.swift in Sources */,
				612C11E72D007537008448A1 /* SearchViewController.swift in Sources */,
				612C11F42D0075AC008448A1 /* SettingsViewController.swift in Sources */,
				612C12082D00760F008448A1 /* HapticsManager.swift in Sources */,
				612C12062D00760F008448A1 /* APICaller.swift in Sources */,
				612C11F32D0075AC008448A1 /* AuthViewController.swift in Sources */,
				612C11F12D0075AC008448A1 /* PlayerViewController.swift in Sources */,
				612C11AA2D0073F7008448A1 /* AppDelegate.swift in Sources */,
				612C11E52D007537008448A1 /* LibraryViewController.swift in Sources */,
				612C12002D0075EC008448A1 /* AudioTrack.swift in Sources */,
				612C11AC2D0073F7008448A1 /* SceneDelegate.swift in Sources */,
				612C11F52D0075AC008448A1 /* PlayListViewController.swift in Sources */,
				612C11FD2D0075EC008448A1 /* PlayList.swift in Sources */,
				612C11E82D007537008448A1 /* TabBarViewController.swift in Sources */,
				612C11F62D0075AC008448A1 /* ProfileViewController.swift in Sources */,
				612C11F02D0075AC008448A1 /* SearchResultsViewController.swift in Sources */,
				612C12022D0075EC008448A1 /* UserProfile.swift in Sources */,
				612C11FE2D0075EC008448A1 /* AuthResponse.swift in Sources */,
				612C11FF2D0075EC008448A1 /* Artist.swift in Sources */,
				612C12012D0075EC008448A1 /* SettingsModels.swift in Sources */,
				612C11E62D007537008448A1 /* HomeViewController.swift in Sources */,
			);
			runOnlyForDeploymentPostprocessing = 0;
		};
		612C11B82D0073F9008448A1 /* Sources */ = {
			isa = PBXSourcesBuildPhase;
			buildActionMask = 2147483647;
			files = (
				612C11C12D0073F9008448A1 /* spotify_cloneTests.swift in Sources */,
			);
			runOnlyForDeploymentPostprocessing = 0;
		};
		612C11C22D0073F9008448A1 /* Sources */ = {
			isa = PBXSourcesBuildPhase;
			buildActionMask = 2147483647;
			files = (
				612C11CB2D0073F9008448A1 /* spotify_cloneUITests.swift in Sources */,
				612C11CD2D0073F9008448A1 /* spotify_cloneUITestsLaunchTests.swift in Sources */,
			);
			runOnlyForDeploymentPostprocessing = 0;
		};
/* End PBXSourcesBuildPhase section */

/* Begin PBXTargetDependency section */
		612C11BE2D0073F9008448A1 /* PBXTargetDependency */ = {
			isa = PBXTargetDependency;
			target = 612C11A52D0073F7008448A1 /* spotify-clone */;
			targetProxy = 612C11BD2D0073F9008448A1 /* PBXContainerItemProxy */;
		};
		612C11C82D0073F9008448A1 /* PBXTargetDependency */ = {
			isa = PBXTargetDependency;
			target = 612C11A52D0073F7008448A1 /* spotify-clone */;
			targetProxy = 612C11C72D0073F9008448A1 /* PBXContainerItemProxy */;
		};
/* End PBXTargetDependency section */

/* Begin PBXVariantGroup section */
		612C11B42D0073F9008448A1 /* LaunchScreen.storyboard */ = {
			isa = PBXVariantGroup;
			children = (
				612C11B52D0073F9008448A1 /* Base */,
			);
			name = LaunchScreen.storyboard;
			sourceTree = "<group>";
		};
/* End PBXVariantGroup section */

/* Begin XCBuildConfiguration section */
		612C11CE2D0073F9008448A1 /* Debug */ = {
			isa = XCBuildConfiguration;
			buildSettings = {
				ALWAYS_SEARCH_USER_PATHS = NO;
				ASSETCATALOG_COMPILER_GENERATE_SWIFT_ASSET_SYMBOL_EXTENSIONS = YES;
				CLANG_ANALYZER_NONNULL = YES;
				CLANG_ANALYZER_NUMBER_OBJECT_CONVERSION = YES_AGGRESSIVE;
				CLANG_CXX_LANGUAGE_STANDARD = "gnu++20";
				CLANG_ENABLE_MODULES = YES;
				CLANG_ENABLE_OBJC_ARC = YES;
				CLANG_ENABLE_OBJC_WEAK = YES;
				CLANG_WARN_BLOCK_CAPTURE_AUTORELEASING = YES;
				CLANG_WARN_BOOL_CONVERSION = YES;
				CLANG_WARN_COMMA = YES;
				CLANG_WARN_CONSTANT_CONVERSION = YES;
				CLANG_WARN_DEPRECATED_OBJC_IMPLEMENTATIONS = YES;
				CLANG_WARN_DIRECT_OBJC_ISA_USAGE = YES_ERROR;
				CLANG_WARN_DOCUMENTATION_COMMENTS = YES;
				CLANG_WARN_EMPTY_BODY = YES;
				CLANG_WARN_ENUM_CONVERSION = YES;
				CLANG_WARN_INFINITE_RECURSION = YES;
				CLANG_WARN_INT_CONVERSION = YES;
				CLANG_WARN_NON_LITERAL_NULL_CONVERSION = YES;
				CLANG_WARN_OBJC_IMPLICIT_RETAIN_SELF = YES;
				CLANG_WARN_OBJC_LITERAL_CONVERSION = YES;
				CLANG_WARN_OBJC_ROOT_CLASS = YES_ERROR;
				CLANG_WARN_QUOTED_INCLUDE_IN_FRAMEWORK_HEADER = YES;
				CLANG_WARN_RANGE_LOOP_ANALYSIS = YES;
				CLANG_WARN_STRICT_PROTOTYPES = YES;
				CLANG_WARN_SUSPICIOUS_MOVE = YES;
				CLANG_WARN_UNGUARDED_AVAILABILITY = YES_AGGRESSIVE;
				CLANG_WARN_UNREACHABLE_CODE = YES;
				CLANG_WARN__DUPLICATE_METHOD_MATCH = YES;
				COPY_PHASE_STRIP = NO;
				DEBUG_INFORMATION_FORMAT = dwarf;
				ENABLE_STRICT_OBJC_MSGSEND = YES;
				ENABLE_TESTABILITY = YES;
				ENABLE_USER_SCRIPT_SANDBOXING = NO;
				GCC_C_LANGUAGE_STANDARD = gnu17;
				GCC_DYNAMIC_NO_PIC = NO;
				GCC_NO_COMMON_BLOCKS = YES;
				GCC_OPTIMIZATION_LEVEL = 0;
				GCC_PREPROCESSOR_DEFINITIONS = (
					"DEBUG=1",
					"$(inherited)",
				);
				GCC_WARN_64_TO_32_BIT_CONVERSION = YES;
				GCC_WARN_ABOUT_RETURN_TYPE = YES_ERROR;
				GCC_WARN_UNDECLARED_SELECTOR = YES;
				GCC_WARN_UNINITIALIZED_AUTOS = YES_AGGRESSIVE;
				GCC_WARN_UNUSED_FUNCTION = YES;
				GCC_WARN_UNUSED_VARIABLE = YES;
				IPHONEOS_DEPLOYMENT_TARGET = 13.0;
				LOCALIZATION_PREFERS_STRING_CATALOGS = YES;
				MTL_ENABLE_DEBUG_INFO = INCLUDE_SOURCE;
				MTL_FAST_MATH = YES;
				ONLY_ACTIVE_ARCH = YES;
				SDKROOT = iphoneos;
				SWIFT_ACTIVE_COMPILATION_CONDITIONS = "DEBUG $(inherited)";
				SWIFT_OPTIMIZATION_LEVEL = "-Onone";
			};
			name = Debug;
		};
		612C11CF2D0073F9008448A1 /* Release */ = {
			isa = XCBuildConfiguration;
			buildSettings = {
				ALWAYS_SEARCH_USER_PATHS = NO;
				ASSETCATALOG_COMPILER_GENERATE_SWIFT_ASSET_SYMBOL_EXTENSIONS = YES;
				CLANG_ANALYZER_NONNULL = YES;
				CLANG_ANALYZER_NUMBER_OBJECT_CONVERSION = YES_AGGRESSIVE;
				CLANG_CXX_LANGUAGE_STANDARD = "gnu++20";
				CLANG_ENABLE_MODULES = YES;
				CLANG_ENABLE_OBJC_ARC = YES;
				CLANG_ENABLE_OBJC_WEAK = YES;
				CLANG_WARN_BLOCK_CAPTURE_AUTORELEASING = YES;
				CLANG_WARN_BOOL_CONVERSION = YES;
				CLANG_WARN_COMMA = YES;
				CLANG_WARN_CONSTANT_CONVERSION = YES;
				CLANG_WARN_DEPRECATED_OBJC_IMPLEMENTATIONS = YES;
				CLANG_WARN_DIRECT_OBJC_ISA_USAGE = YES_ERROR;
				CLANG_WARN_DOCUMENTATION_COMMENTS = YES;
				CLANG_WARN_EMPTY_BODY = YES;
				CLANG_WARN_ENUM_CONVERSION = YES;
				CLANG_WARN_INFINITE_RECURSION = YES;
				CLANG_WARN_INT_CONVERSION = YES;
				CLANG_WARN_NON_LITERAL_NULL_CONVERSION = YES;
				CLANG_WARN_OBJC_IMPLICIT_RETAIN_SELF = YES;
				CLANG_WARN_OBJC_LITERAL_CONVERSION = YES;
				CLANG_WARN_OBJC_ROOT_CLASS = YES_ERROR;
				CLANG_WARN_QUOTED_INCLUDE_IN_FRAMEWORK_HEADER = YES;
				CLANG_WARN_RANGE_LOOP_ANALYSIS = YES;
				CLANG_WARN_STRICT_PROTOTYPES = YES;
				CLANG_WARN_SUSPICIOUS_MOVE = YES;
				CLANG_WARN_UNGUARDED_AVAILABILITY = YES_AGGRESSIVE;
				CLANG_WARN_UNREACHABLE_CODE = YES;
				CLANG_WARN__DUPLICATE_METHOD_MATCH = YES;
				COPY_PHASE_STRIP = NO;
				DEBUG_INFORMATION_FORMAT = "dwarf-with-dsym";
				ENABLE_NS_ASSERTIONS = NO;
				ENABLE_STRICT_OBJC_MSGSEND = YES;
				ENABLE_USER_SCRIPT_SANDBOXING = NO;
				GCC_C_LANGUAGE_STANDARD = gnu17;
				GCC_NO_COMMON_BLOCKS = YES;
				GCC_WARN_64_TO_32_BIT_CONVERSION = YES;
				GCC_WARN_ABOUT_RETURN_TYPE = YES_ERROR;
				GCC_WARN_UNDECLARED_SELECTOR = YES;
				GCC_WARN_UNINITIALIZED_AUTOS = YES_AGGRESSIVE;
				GCC_WARN_UNUSED_FUNCTION = YES;
				GCC_WARN_UNUSED_VARIABLE = YES;
				IPHONEOS_DEPLOYMENT_TARGET = 13.0;
				LOCALIZATION_PREFERS_STRING_CATALOGS = YES;
				MTL_ENABLE_DEBUG_INFO = NO;
				MTL_FAST_MATH = YES;
				SDKROOT = iphoneos;
				SWIFT_COMPILATION_MODE = wholemodule;
				VALIDATE_PRODUCT = YES;
			};
			name = Release;
		};
		612C11D12D0073F9008448A1 /* Debug */ = {
			isa = XCBuildConfiguration;
			baseConfigurationReference = 18A18BF2B1C9DE72FDB98D18 /* Pods-spotify-clone.debug.xcconfig */;
			buildSettings = {
				ASSETCATALOG_COMPILER_APPICON_NAME = AppIcon;
				ASSETCATALOG_COMPILER_GLOBAL_ACCENT_COLOR_NAME = AccentColor;
				CODE_SIGN_STYLE = Automatic;
				CURRENT_PROJECT_VERSION = 1;
				DEVELOPMENT_TEAM = 44CRS85BTR;
				GENERATE_INFOPLIST_FILE = YES;
				INFOPLIST_FILE = "spotify-clone/Info.plist";
				INFOPLIST_KEY_UIApplicationSupportsIndirectInputEvents = YES;
				INFOPLIST_KEY_UILaunchStoryboardName = LaunchScreen;
				INFOPLIST_KEY_UISupportedInterfaceOrientations_iPad = "UIInterfaceOrientationPortrait UIInterfaceOrientationPortraitUpsideDown UIInterfaceOrientationLandscapeLeft UIInterfaceOrientationLandscapeRight";
				INFOPLIST_KEY_UISupportedInterfaceOrientations_iPhone = "UIInterfaceOrientationPortrait UIInterfaceOrientationLandscapeLeft UIInterfaceOrientationLandscapeRight";
				IPHONEOS_DEPLOYMENT_TARGET = 13.0;
				LD_RUNPATH_SEARCH_PATHS = (
					"$(inherited)",
					"@executable_path/Frameworks",
				);
				MARKETING_VERSION = 1.0;
				PRODUCT_BUNDLE_IDENTIFIER = "gopal.dev.spotify-clone";
				PRODUCT_NAME = "$(TARGET_NAME)";
				SWIFT_EMIT_LOC_STRINGS = YES;
				SWIFT_VERSION = 5.0;
				TARGETED_DEVICE_FAMILY = "1,2";
			};
			name = Debug;
		};
		612C11D22D0073F9008448A1 /* Release */ = {
			isa = XCBuildConfiguration;
			baseConfigurationReference = CBF55B65BF48B990772C72DA /* Pods-spotify-clone.release.xcconfig */;
			buildSettings = {
				ASSETCATALOG_COMPILER_APPICON_NAME = AppIcon;
				ASSETCATALOG_COMPILER_GLOBAL_ACCENT_COLOR_NAME = AccentColor;
				CODE_SIGN_STYLE = Automatic;
				CURRENT_PROJECT_VERSION = 1;
				DEVELOPMENT_TEAM = 44CRS85BTR;
				GENERATE_INFOPLIST_FILE = YES;
				INFOPLIST_FILE = "spotify-clone/Info.plist";
				INFOPLIST_KEY_UIApplicationSupportsIndirectInputEvents = YES;
				INFOPLIST_KEY_UILaunchStoryboardName = LaunchScreen;
				INFOPLIST_KEY_UISupportedInterfaceOrientations_iPad = "UIInterfaceOrientationPortrait UIInterfaceOrientationPortraitUpsideDown UIInterfaceOrientationLandscapeLeft UIInterfaceOrientationLandscapeRight";
				INFOPLIST_KEY_UISupportedInterfaceOrientations_iPhone = "UIInterfaceOrientationPortrait UIInterfaceOrientationLandscapeLeft UIInterfaceOrientationLandscapeRight";
				IPHONEOS_DEPLOYMENT_TARGET = 13.0;
				LD_RUNPATH_SEARCH_PATHS = (
					"$(inherited)",
					"@executable_path/Frameworks",
				);
				MARKETING_VERSION = 1.0;
				PRODUCT_BUNDLE_IDENTIFIER = "gopal.dev.spotify-clone";
				PRODUCT_NAME = "$(TARGET_NAME)";
				SWIFT_EMIT_LOC_STRINGS = YES;
				SWIFT_VERSION = 5.0;
				TARGETED_DEVICE_FAMILY = "1,2";
			};
			name = Release;
		};
		612C11D42D0073F9008448A1 /* Debug */ = {
			isa = XCBuildConfiguration;
			baseConfigurationReference = 39CDD2F3200F5A0609FDF122 /* Pods-spotify-cloneTests.debug.xcconfig */;
			buildSettings = {
				ALWAYS_EMBED_SWIFT_STANDARD_LIBRARIES = YES;
				BUNDLE_LOADER = "$(TEST_HOST)";
				CODE_SIGN_STYLE = Automatic;
				CURRENT_PROJECT_VERSION = 1;
				DEVELOPMENT_TEAM = 44CRS85BTR;
				GENERATE_INFOPLIST_FILE = YES;
				IPHONEOS_DEPLOYMENT_TARGET = 13.0;
				MARKETING_VERSION = 1.0;
				PRODUCT_BUNDLE_IDENTIFIER = "gopal.dev.spotify-cloneTests";
				PRODUCT_NAME = "$(TARGET_NAME)";
				SWIFT_EMIT_LOC_STRINGS = NO;
				SWIFT_VERSION = 5.0;
				TARGETED_DEVICE_FAMILY = "1,2";
				TEST_HOST = "$(BUILT_PRODUCTS_DIR)/spotify-clone.app/$(BUNDLE_EXECUTABLE_FOLDER_PATH)/spotify-clone";
			};
			name = Debug;
		};
		612C11D52D0073F9008448A1 /* Release */ = {
			isa = XCBuildConfiguration;
			baseConfigurationReference = E170A274EB40DC7AC24FD3F3 /* Pods-spotify-cloneTests.release.xcconfig */;
			buildSettings = {
				ALWAYS_EMBED_SWIFT_STANDARD_LIBRARIES = YES;
				BUNDLE_LOADER = "$(TEST_HOST)";
				CODE_SIGN_STYLE = Automatic;
				CURRENT_PROJECT_VERSION = 1;
				DEVELOPMENT_TEAM = 44CRS85BTR;
				GENERATE_INFOPLIST_FILE = YES;
				IPHONEOS_DEPLOYMENT_TARGET = 13.0;
				MARKETING_VERSION = 1.0;
				PRODUCT_BUNDLE_IDENTIFIER = "gopal.dev.spotify-cloneTests";
				PRODUCT_NAME = "$(TARGET_NAME)";
				SWIFT_EMIT_LOC_STRINGS = NO;
				SWIFT_VERSION = 5.0;
				TARGETED_DEVICE_FAMILY = "1,2";
				TEST_HOST = "$(BUILT_PRODUCTS_DIR)/spotify-clone.app/$(BUNDLE_EXECUTABLE_FOLDER_PATH)/spotify-clone";
			};
			name = Release;
		};
		612C11D72D0073F9008448A1 /* Debug */ = {
			isa = XCBuildConfiguration;
			baseConfigurationReference = 9B87867ABD5E28FC07FD709B /* Pods-spotify-clone-spotify-cloneUITests.debug.xcconfig */;
			buildSettings = {
				ALWAYS_EMBED_SWIFT_STANDARD_LIBRARIES = YES;
				CODE_SIGN_STYLE = Automatic;
				CURRENT_PROJECT_VERSION = 1;
				DEVELOPMENT_TEAM = 44CRS85BTR;
				GENERATE_INFOPLIST_FILE = YES;
				IPHONEOS_DEPLOYMENT_TARGET = 13.0;
				MARKETING_VERSION = 1.0;
				PRODUCT_BUNDLE_IDENTIFIER = "gopal.dev.spotify-cloneUITests";
				PRODUCT_NAME = "$(TARGET_NAME)";
				SWIFT_EMIT_LOC_STRINGS = NO;
				SWIFT_VERSION = 5.0;
				TARGETED_DEVICE_FAMILY = "1,2";
				TEST_TARGET_NAME = "spotify-clone";
			};
			name = Debug;
		};
		612C11D82D0073F9008448A1 /* Release */ = {
			isa = XCBuildConfiguration;
			baseConfigurationReference = F80DC89A729E6B9292AC78FC /* Pods-spotify-clone-spotify-cloneUITests.release.xcconfig */;
			buildSettings = {
				ALWAYS_EMBED_SWIFT_STANDARD_LIBRARIES = YES;
				CODE_SIGN_STYLE = Automatic;
				CURRENT_PROJECT_VERSION = 1;
				DEVELOPMENT_TEAM = 44CRS85BTR;
				GENERATE_INFOPLIST_FILE = YES;
				IPHONEOS_DEPLOYMENT_TARGET = 13.0;
				MARKETING_VERSION = 1.0;
				PRODUCT_BUNDLE_IDENTIFIER = "gopal.dev.spotify-cloneUITests";
				PRODUCT_NAME = "$(TARGET_NAME)";
				SWIFT_EMIT_LOC_STRINGS = NO;
				SWIFT_VERSION = 5.0;
				TARGETED_DEVICE_FAMILY = "1,2";
				TEST_TARGET_NAME = "spotify-clone";
			};
			name = Release;
		};
/* End XCBuildConfiguration section */

/* Begin XCConfigurationList section */
		612C11A12D0073F7008448A1 /* Build configuration list for PBXProject "spotify-clone" */ = {
			isa = XCConfigurationList;
			buildConfigurations = (
				612C11CE2D0073F9008448A1 /* Debug */,
				612C11CF2D0073F9008448A1 /* Release */,
			);
			defaultConfigurationIsVisible = 0;
			defaultConfigurationName = Release;
		};
		612C11D02D0073F9008448A1 /* Build configuration list for PBXNativeTarget "spotify-clone" */ = {
			isa = XCConfigurationList;
			buildConfigurations = (
				612C11D12D0073F9008448A1 /* Debug */,
				612C11D22D0073F9008448A1 /* Release */,
			);
			defaultConfigurationIsVisible = 0;
			defaultConfigurationName = Release;
		};
		612C11D32D0073F9008448A1 /* Build configuration list for PBXNativeTarget "spotify-cloneTests" */ = {
			isa = XCConfigurationList;
			buildConfigurations = (
				612C11D42D0073F9008448A1 /* Debug */,
				612C11D52D0073F9008448A1 /* Release */,
			);
			defaultConfigurationIsVisible = 0;
			defaultConfigurationName = Release;
		};
		612C11D62D0073F9008448A1 /* Build configuration list for PBXNativeTarget "spotify-cloneUITests" */ = {
			isa = XCConfigurationList;
			buildConfigurations = (
				612C11D72D0073F9008448A1 /* Debug */,
				612C11D82D0073F9008448A1 /* Release */,
			);
			defaultConfigurationIsVisible = 0;
			defaultConfigurationName = Release;
		};
/* End XCConfigurationList section */
	};
	rootObject = 612C119E2D0073F7008448A1 /* Project object */;
}
